
Microsoft Visual Studio Solution File, Format Version 12.00
# Visual Studio Version 16
VisualStudioVersion = 16.0.30406.217
MinimumVisualStudioVersion = 10.0.40219.1
Project("{FAE04EC0-301F-11D3-BF4B-00C04F79EFBC}") = "Mordor", "Mordor.csproj", "{38267E8C-DF76-4E53-A77C-EADBF3271909}"
EndProject
Global
	GlobalSection(SolutionConfigurationPlatforms) = preSolution
		Debug|Any CPU = Debug|Any CPU
		Release|Any CPU = Release|Any CPU
	EndGlobalSection
	GlobalSection(ProjectConfigurationPlatforms) = postSolution
		{38267E8C-DF76-4E53-A77C-EADBF3271909}.Debug|Any CPU.ActiveCfg = Debug|Any CPU
		{38267E8C-DF76-4E53-A77C-EADBF3271909}.Debug|Any CPU.Build.0 = Debug|Any CPU
		{38267E8C-DF76-4E53-A77C-EADBF3271909}.Release|Any CPU.ActiveCfg = Release|Any CPU
		{38267E8C-DF76-4E53-A77C-EADBF3271909}.Release|Any CPU.Build.0 = Release|Any CPU
	EndGlobalSection
	GlobalSection(SolutionProperties) = preSolution
		HideSolutionNode = FALSE
	EndGlobalSection
	GlobalSection(ExtensibilityGlobals) = postSolution
		SolutionGuid = {00AECE68-3C59-4588-907A-F1A95C76356F}
	EndGlobalSection
EndGlobal
